
Microsoft Visual Studio Solution File, Format Version 12.00
# Visual Studio Version 17
VisualStudioVersion = 17.5.002.0
MinimumVisualStudioVersion = 10.0.40219.1
Project("{9A19103F-16F7-4668-BE54-9A1E7A4F7556}") = "PdfPrintService", "src\PdfPrintService\PdfPrintService.csproj", "{8D4D3D90-5DE9-4A9B-9993-65FD6563B09C}"
EndProject
Project("{2150E333-8FDC-42A3-9474-1A3956D46DE8}") = "Solution Intems", "Solution Intems", "{BEEA70A6-479E-4CF7-B584-198A10071589}"
	ProjectSection(SolutionItems) = preProject
		Dockerfile = Dockerfile
	EndProjectSection
EndProject
Project("{FAE04EC0-301F-11D3-BF4B-00C04F79EFBC}") = "PdfPrintService.Tests", "tests\PdfPrintService.Tests\PdfPrintService.Tests.csproj", "{D7C6950E-634B-4FFC-AB8B-323B4F13D034}"
EndProject
Project("{2150E333-8FDC-42A3-9474-1A3956D46DE8}") = "tests", "tests", "{D7643E5F-6A17-4B53-8D83-0D2E7E1F7EBC}"
EndProject
Global
	GlobalSection(SolutionConfigurationPlatforms) = preSolution
		Debug|Any CPU = Debug|Any CPU
		Release|Any CPU = Release|Any CPU
	EndGlobalSection
	GlobalSection(ProjectConfigurationPlatforms) = postSolution
		{8D4D3D90-5DE9-4A9B-9993-65FD6563B09C}.Debug|Any CPU.ActiveCfg = Debug|Any CPU
		{8D4D3D90-5DE9-4A9B-9993-65FD6563B09C}.Debug|Any CPU.Build.0 = Debug|Any CPU
		{8D4D3D90-5DE9-4A9B-9993-65FD6563B09C}.Release|Any CPU.ActiveCfg = Release|Any CPU
		{8D4D3D90-5DE9-4A9B-9993-65FD6563B09C}.Release|Any CPU.Build.0 = Release|Any CPU
		{D7C6950E-634B-4FFC-AB8B-323B4F13D034}.Debug|Any CPU.ActiveCfg = Debug|Any CPU
		{D7C6950E-634B-4FFC-AB8B-323B4F13D034}.Debug|Any CPU.Build.0 = Debug|Any CPU
		{D7C6950E-634B-4FFC-AB8B-323B4F13D034}.Release|Any CPU.ActiveCfg = Release|Any CPU
		{D7C6950E-634B-4FFC-AB8B-323B4F13D034}.Release|Any CPU.Build.0 = Release|Any CPU
	EndGlobalSection
	GlobalSection(SolutionProperties) = preSolution
		HideSolutionNode = FALSE
	EndGlobalSection
	GlobalSection(NestedProjects) = preSolution
		{D7C6950E-634B-4FFC-AB8B-323B4F13D034} = {D7643E5F-6A17-4B53-8D83-0D2E7E1F7EBC}
	EndGlobalSection
	GlobalSection(ExtensibilityGlobals) = postSolution
		SolutionGuid = {566048B9-B6DC-4FE2-9003-43C85B940469}
	EndGlobalSection
EndGlobal
